// !$*UTF8*$!
{
	archiveVersion = 1;
	classes = {
	};
	objectVersion = 55;
	objects = {

/* Begin PBXBuildFile section */
		711C5790294A659D003097A5 /* FilmsTableViewCell.swift in Sources */ = {isa = PBXBuildFile; fileRef = 711C578F294A659D003097A5 /* FilmsTableViewCell.swift */; };
		711C5792294A6D30003097A5 /* FilmsTableViewCellModel.swift in Sources */ = {isa = PBXBuildFile; fileRef = 711C5791294A6D30003097A5 /* FilmsTableViewCellModel.swift */; };
		713CCA53294FBC0000F137C7 /* FilmsScreenViewModelProtocol.swift in Sources */ = {isa = PBXBuildFile; fileRef = 713CCA52294FBC0000F137C7 /* FilmsScreenViewModelProtocol.swift */; };
		713CCA55294FBF2200F137C7 /* PersonsViewModelProtocol.swift in Sources */ = {isa = PBXBuildFile; fileRef = 713CCA54294FBF2200F137C7 /* PersonsViewModelProtocol.swift */; };
		7169FD90295749AF00F9DD8C /* FilmsCaching+CoreDataClass.swift in Sources */ = {isa = PBXBuildFile; fileRef = 7169FD8E295749AF00F9DD8C /* FilmsCaching+CoreDataClass.swift */; };
		7169FD91295749AF00F9DD8C /* FilmsCaching+CoreDataProperties.swift in Sources */ = {isa = PBXBuildFile; fileRef = 7169FD8F295749AF00F9DD8C /* FilmsCaching+CoreDataProperties.swift */; };
		7169FD9C29576F4900F9DD8C /* PersonsCaching+CoreDataClass.swift in Sources */ = {isa = PBXBuildFile; fileRef = 7169FD9A29576F4900F9DD8C /* PersonsCaching+CoreDataClass.swift */; };
		7169FD9D29576F4900F9DD8C /* PersonsCaching+CoreDataProperties.swift in Sources */ = {isa = PBXBuildFile; fileRef = 7169FD9B29576F4900F9DD8C /* PersonsCaching+CoreDataProperties.swift */; };
		7178D801295051FC00197CD1 /* Films.gif in Resources */ = {isa = PBXBuildFile; fileRef = 7178D7FF295051FC00197CD1 /* Films.gif */; };
		7178D802295051FC00197CD1 /* PersonsAndPlanet.gif in Resources */ = {isa = PBXBuildFile; fileRef = 7178D800295051FC00197CD1 /* PersonsAndPlanet.gif */; };
		7178D8042950521900197CD1 /* README.md in Resources */ = {isa = PBXBuildFile; fileRef = 7178D8032950521900197CD1 /* README.md */; };
		7178D8062950537800197CD1 /* Constants.swift in Sources */ = {isa = PBXBuildFile; fileRef = 7178D8052950537800197CD1 /* Constants.swift */; };
		717B1863294C5E9200EAFCF7 /* PlanetViewController.swift in Sources */ = {isa = PBXBuildFile; fileRef = 717B1862294C5E9200EAFCF7 /* PlanetViewController.swift */; };
		717B1865294C645D00EAFCF7 /* Planet.swift in Sources */ = {isa = PBXBuildFile; fileRef = 717B1864294C645D00EAFCF7 /* Planet.swift */; };
		717B1867294C65D100EAFCF7 /* PlanetViewModel.swift in Sources */ = {isa = PBXBuildFile; fileRef = 717B1866294C65D100EAFCF7 /* PlanetViewModel.swift */; };
		717B1869294C672900EAFCF7 /* PlanetModelForView.swift in Sources */ = {isa = PBXBuildFile; fileRef = 717B1868294C672900EAFCF7 /* PlanetModelForView.swift */; };
		717B1874294CB45800EAFCF7 /* DataManager.swift in Sources */ = {isa = PBXBuildFile; fileRef = 717B1873294CB45800EAFCF7 /* DataManager.swift */; };
		717CBF12294B160700209BCA /* FilmsScreenViewModel.swift in Sources */ = {isa = PBXBuildFile; fileRef = 717CBF11294B160700209BCA /* FilmsScreenViewModel.swift */; };
		717CBF16294B7ACC00209BCA /* PersonsViewController.swift in Sources */ = {isa = PBXBuildFile; fileRef = 717CBF15294B7ACC00209BCA /* PersonsViewController.swift */; };
		717CBF18294B7C9F00209BCA /* Person.swift in Sources */ = {isa = PBXBuildFile; fileRef = 717CBF17294B7C9F00209BCA /* Person.swift */; };
		717CBF1B294B867B00209BCA /* PersonTableViewCell.swift in Sources */ = {isa = PBXBuildFile; fileRef = 717CBF1A294B867B00209BCA /* PersonTableViewCell.swift */; };
		717CBF1D294B870D00209BCA /* PersonsViewModel.swift in Sources */ = {isa = PBXBuildFile; fileRef = 717CBF1C294B870D00209BCA /* PersonsViewModel.swift */; };
		717CBF1F294B93D000209BCA /* PersonTableViewCellModel.swift in Sources */ = {isa = PBXBuildFile; fileRef = 717CBF1E294B93D000209BCA /* PersonTableViewCellModel.swift */; };
		7189F98A2949F4A70077B52A /* NetworkManager.swift in Sources */ = {isa = PBXBuildFile; fileRef = 7189F9892949F4A70077B52A /* NetworkManager.swift */; };
		7189F98D2949F6270077B52A /* Films.swift in Sources */ = {isa = PBXBuildFile; fileRef = 7189F98C2949F6270077B52A /* Films.swift */; };
		71A6E7962949EF54000B9B26 /* AppDelegate.swift in Sources */ = {isa = PBXBuildFile; fileRef = 71A6E7952949EF54000B9B26 /* AppDelegate.swift */; };
		71A6E7982949EF54000B9B26 /* SceneDelegate.swift in Sources */ = {isa = PBXBuildFile; fileRef = 71A6E7972949EF54000B9B26 /* SceneDelegate.swift */; };
		71A6E79A2949EF54000B9B26 /* FilmsScreenViewController.swift in Sources */ = {isa = PBXBuildFile; fileRef = 71A6E7992949EF54000B9B26 /* FilmsScreenViewController.swift */; };
		71A6E79D2949EF54000B9B26 /* Main.storyboard in Resources */ = {isa = PBXBuildFile; fileRef = 71A6E79B2949EF54000B9B26 /* Main.storyboard */; };
		71A6E7A02949EF54000B9B26 /* StarWarsTestTask.xcdatamodeld in Sources */ = {isa = PBXBuildFile; fileRef = 71A6E79E2949EF54000B9B26 /* StarWarsTestTask.xcdatamodeld */; };
		71A6E7A22949EF55000B9B26 /* Assets.xcassets in Resources */ = {isa = PBXBuildFile; fileRef = 71A6E7A12949EF55000B9B26 /* Assets.xcassets */; };
		71A6E7A52949EF55000B9B26 /* LaunchScreen.storyboard in Resources */ = {isa = PBXBuildFile; fileRef = 71A6E7A32949EF55000B9B26 /* LaunchScreen.storyboard */; };
		71A6E7B02949EF55000B9B26 /* StarWarsTestTaskTests.swift in Sources */ = {isa = PBXBuildFile; fileRef = 71A6E7AF2949EF55000B9B26 /* StarWarsTestTaskTests.swift */; };
		71A6E7BA2949EF55000B9B26 /* StarWarsTestTaskUITests.swift in Sources */ = {isa = PBXBuildFile; fileRef = 71A6E7B92949EF55000B9B26 /* StarWarsTestTaskUITests.swift */; };
		71A6E7BC2949EF55000B9B26 /* StarWarsTestTaskUITestsLaunchTests.swift in Sources */ = {isa = PBXBuildFile; fileRef = 71A6E7BB2949EF55000B9B26 /* StarWarsTestTaskUITestsLaunchTests.swift */; };
		71F712BF294E247200149711 /* StringArrayTransformer.swift in Sources */ = {isa = PBXBuildFile; fileRef = 71F712BE294E247200149711 /* StringArrayTransformer.swift */; };
		71F712C9294E49C100149711 /* PersonsArrayTransformer.swift in Sources */ = {isa = PBXBuildFile; fileRef = 71F712C8294E49C100149711 /* PersonsArrayTransformer.swift */; };
/* End PBXBuildFile section */

/* Begin PBXContainerItemProxy section */
		71A6E7AC2949EF55000B9B26 /* PBXContainerItemProxy */ = {
			isa = PBXContainerItemProxy;
			containerPortal = 71A6E78A2949EF54000B9B26 /* Project object */;
			proxyType = 1;
			remoteGlobalIDString = 71A6E7912949EF54000B9B26;
			remoteInfo = StarWarsTestTask;
		};
		71A6E7B62949EF55000B9B26 /* PBXContainerItemProxy */ = {
			isa = PBXContainerItemProxy;
			containerPortal = 71A6E78A2949EF54000B9B26 /* Project object */;
			proxyType = 1;
			remoteGlobalIDString = 71A6E7912949EF54000B9B26;
			remoteInfo = StarWarsTestTask;
		};
/* End PBXContainerItemProxy section */

/* Begin PBXFileReference section */
		711C578F294A659D003097A5 /* FilmsTableViewCell.swift */ = {isa = PBXFileReference; lastKnownFileType = sourcecode.swift; path = FilmsTableViewCell.swift; sourceTree = "<group>"; };
		711C5791294A6D30003097A5 /* FilmsTableViewCellModel.swift */ = {isa = PBXFileReference; lastKnownFileType = sourcecode.swift; path = FilmsTableViewCellModel.swift; sourceTree = "<group>"; };
		713CCA52294FBC0000F137C7 /* FilmsScreenViewModelProtocol.swift */ = {isa = PBXFileReference; lastKnownFileType = sourcecode.swift; path = FilmsScreenViewModelProtocol.swift; sourceTree = "<group>"; };
		713CCA54294FBF2200F137C7 /* PersonsViewModelProtocol.swift */ = {isa = PBXFileReference; lastKnownFileType = sourcecode.swift; path = PersonsViewModelProtocol.swift; sourceTree = "<group>"; };
		7169FD8E295749AF00F9DD8C /* FilmsCaching+CoreDataClass.swift */ = {isa = PBXFileReference; lastKnownFileType = sourcecode.swift; path = "FilmsCaching+CoreDataClass.swift"; sourceTree = SOURCE_ROOT; };
		7169FD8F295749AF00F9DD8C /* FilmsCaching+CoreDataProperties.swift */ = {isa = PBXFileReference; lastKnownFileType = sourcecode.swift; path = "FilmsCaching+CoreDataProperties.swift"; sourceTree = SOURCE_ROOT; };
		7169FD9A29576F4900F9DD8C /* PersonsCaching+CoreDataClass.swift */ = {isa = PBXFileReference; lastKnownFileType = sourcecode.swift; path = "PersonsCaching+CoreDataClass.swift"; sourceTree = SOURCE_ROOT; };
		7169FD9B29576F4900F9DD8C /* PersonsCaching+CoreDataProperties.swift */ = {isa = PBXFileReference; lastKnownFileType = sourcecode.swift; path = "PersonsCaching+CoreDataProperties.swift"; sourceTree = SOURCE_ROOT; };
		7178D7FF295051FC00197CD1 /* Films.gif */ = {isa = PBXFileReference; lastKnownFileType = image.gif; path = Films.gif; sourceTree = "<group>"; };
		7178D800295051FC00197CD1 /* PersonsAndPlanet.gif */ = {isa = PBXFileReference; lastKnownFileType = image.gif; path = PersonsAndPlanet.gif; sourceTree = "<group>"; };
		7178D8032950521900197CD1 /* README.md */ = {isa = PBXFileReference; lastKnownFileType = net.daringfireball.markdown; path = README.md; sourceTree = "<group>"; };
		7178D8052950537800197CD1 /* Constants.swift */ = {isa = PBXFileReference; lastKnownFileType = sourcecode.swift; path = Constants.swift; sourceTree = "<group>"; };
		717B1862294C5E9200EAFCF7 /* PlanetViewController.swift */ = {isa = PBXFileReference; lastKnownFileType = sourcecode.swift; path = PlanetViewController.swift; sourceTree = "<group>"; };
		717B1864294C645D00EAFCF7 /* Planet.swift */ = {isa = PBXFileReference; lastKnownFileType = sourcecode.swift; path = Planet.swift; sourceTree = "<group>"; };
		717B1866294C65D100EAFCF7 /* PlanetViewModel.swift */ = {isa = PBXFileReference; lastKnownFileType = sourcecode.swift; path = PlanetViewModel.swift; sourceTree = "<group>"; };
		717B1868294C672900EAFCF7 /* PlanetModelForView.swift */ = {isa = PBXFileReference; lastKnownFileType = sourcecode.swift; path = PlanetModelForView.swift; sourceTree = "<group>"; };
		717B1873294CB45800EAFCF7 /* DataManager.swift */ = {isa = PBXFileReference; lastKnownFileType = sourcecode.swift; path = DataManager.swift; sourceTree = "<group>"; };
		717CBF11294B160700209BCA /* FilmsScreenViewModel.swift */ = {isa = PBXFileReference; lastKnownFileType = sourcecode.swift; path = FilmsScreenViewModel.swift; sourceTree = "<group>"; };
		717CBF15294B7ACC00209BCA /* PersonsViewController.swift */ = {isa = PBXFileReference; lastKnownFileType = sourcecode.swift; path = PersonsViewController.swift; sourceTree = "<group>"; };
		717CBF17294B7C9F00209BCA /* Person.swift */ = {isa = PBXFileReference; lastKnownFileType = sourcecode.swift; path = Person.swift; sourceTree = "<group>"; };
		717CBF1A294B867B00209BCA /* PersonTableViewCell.swift */ = {isa = PBXFileReference; lastKnownFileType = sourcecode.swift; path = PersonTableViewCell.swift; sourceTree = "<group>"; };
		717CBF1C294B870D00209BCA /* PersonsViewModel.swift */ = {isa = PBXFileReference; lastKnownFileType = sourcecode.swift; path = PersonsViewModel.swift; sourceTree = "<group>"; };
		717CBF1E294B93D000209BCA /* PersonTableViewCellModel.swift */ = {isa = PBXFileReference; lastKnownFileType = sourcecode.swift; path = PersonTableViewCellModel.swift; sourceTree = "<group>"; };
		7189F9892949F4A70077B52A /* NetworkManager.swift */ = {isa = PBXFileReference; lastKnownFileType = sourcecode.swift; path = NetworkManager.swift; sourceTree = "<group>"; };
		7189F98C2949F6270077B52A /* Films.swift */ = {isa = PBXFileReference; lastKnownFileType = sourcecode.swift; path = Films.swift; sourceTree = "<group>"; };
		71A6E7922949EF54000B9B26 /* StarWarsTestTask.app */ = {isa = PBXFileReference; explicitFileType = wrapper.application; includeInIndex = 0; path = StarWarsTestTask.app; sourceTree = BUILT_PRODUCTS_DIR; };
		71A6E7952949EF54000B9B26 /* AppDelegate.swift */ = {isa = PBXFileReference; lastKnownFileType = sourcecode.swift; path = AppDelegate.swift; sourceTree = "<group>"; };
		71A6E7972949EF54000B9B26 /* SceneDelegate.swift */ = {isa = PBXFileReference; lastKnownFileType = sourcecode.swift; path = SceneDelegate.swift; sourceTree = "<group>"; };
		71A6E7992949EF54000B9B26 /* FilmsScreenViewController.swift */ = {isa = PBXFileReference; lastKnownFileType = sourcecode.swift; path = FilmsScreenViewController.swift; sourceTree = "<group>"; };
		71A6E79C2949EF54000B9B26 /* Base */ = {isa = PBXFileReference; lastKnownFileType = file.storyboard; name = Base; path = Base.lproj/Main.storyboard; sourceTree = "<group>"; };
		71A6E79F2949EF54000B9B26 /* StarWarsTestTask.xcdatamodel */ = {isa = PBXFileReference; lastKnownFileType = wrapper.xcdatamodel; path = StarWarsTestTask.xcdatamodel; sourceTree = "<group>"; };
		71A6E7A12949EF55000B9B26 /* Assets.xcassets */ = {isa = PBXFileReference; lastKnownFileType = folder.assetcatalog; path = Assets.xcassets; sourceTree = "<group>"; };
		71A6E7A42949EF55000B9B26 /* Base */ = {isa = PBXFileReference; lastKnownFileType = file.storyboard; name = Base; path = Base.lproj/LaunchScreen.storyboard; sourceTree = "<group>"; };
		71A6E7A62949EF55000B9B26 /* Info.plist */ = {isa = PBXFileReference; lastKnownFileType = text.plist.xml; path = Info.plist; sourceTree = "<group>"; };
		71A6E7AB2949EF55000B9B26 /* StarWarsTestTaskTests.xctest */ = {isa = PBXFileReference; explicitFileType = wrapper.cfbundle; includeInIndex = 0; path = StarWarsTestTaskTests.xctest; sourceTree = BUILT_PRODUCTS_DIR; };
		71A6E7AF2949EF55000B9B26 /* StarWarsTestTaskTests.swift */ = {isa = PBXFileReference; lastKnownFileType = sourcecode.swift; path = StarWarsTestTaskTests.swift; sourceTree = "<group>"; };
		71A6E7B52949EF55000B9B26 /* StarWarsTestTaskUITests.xctest */ = {isa = PBXFileReference; explicitFileType = wrapper.cfbundle; includeInIndex = 0; path = StarWarsTestTaskUITests.xctest; sourceTree = BUILT_PRODUCTS_DIR; };
		71A6E7B92949EF55000B9B26 /* StarWarsTestTaskUITests.swift */ = {isa = PBXFileReference; lastKnownFileType = sourcecode.swift; path = StarWarsTestTaskUITests.swift; sourceTree = "<group>"; };
		71A6E7BB2949EF55000B9B26 /* StarWarsTestTaskUITestsLaunchTests.swift */ = {isa = PBXFileReference; lastKnownFileType = sourcecode.swift; path = StarWarsTestTaskUITestsLaunchTests.swift; sourceTree = "<group>"; };
		71F712BE294E247200149711 /* StringArrayTransformer.swift */ = {isa = PBXFileReference; lastKnownFileType = sourcecode.swift; path = StringArrayTransformer.swift; sourceTree = "<group>"; };
		71F712C8294E49C100149711 /* PersonsArrayTransformer.swift */ = {isa = PBXFileReference; lastKnownFileType = sourcecode.swift; path = PersonsArrayTransformer.swift; sourceTree = "<group>"; };
/* End PBXFileReference section */

/* Begin PBXFrameworksBuildPhase section */
		71A6E78F2949EF54000B9B26 /* Frameworks */ = {
			isa = PBXFrameworksBuildPhase;
			buildActionMask = 2147483647;
			files = (
			);
			runOnlyForDeploymentPostprocessing = 0;
		};
		71A6E7A82949EF55000B9B26 /* Frameworks */ = {
			isa = PBXFrameworksBuildPhase;
			buildActionMask = 2147483647;
			files = (
			);
			runOnlyForDeploymentPostprocessing = 0;
		};
		71A6E7B22949EF55000B9B26 /* Frameworks */ = {
			isa = PBXFrameworksBuildPhase;
			buildActionMask = 2147483647;
			files = (
			);
			runOnlyForDeploymentPostprocessing = 0;
		};
/* End PBXFrameworksBuildPhase section */

/* Begin PBXGroup section */
		713CCA4A294FBA0100F137C7 /* Models */ = {
			isa = PBXGroup;
			children = (
				7189F98C2949F6270077B52A /* Films.swift */,
				711C5791294A6D30003097A5 /* FilmsTableViewCellModel.swift */,
			);
			path = Models;
			sourceTree = "<group>";
		};
		713CCA4B294FBA1000F137C7 /* Models */ = {
			isa = PBXGroup;
			children = (
				717CBF17294B7C9F00209BCA /* Person.swift */,
				717CBF1E294B93D000209BCA /* PersonTableViewCellModel.swift */,
			);
			path = Models;
			sourceTree = "<group>";
		};
		713CCA4C294FBA2700F137C7 /* View */ = {
			isa = PBXGroup;
			children = (
				717B1862294C5E9200EAFCF7 /* PlanetViewController.swift */,
			);
			path = View;
			sourceTree = "<group>";
		};
		713CCA4D294FBA3400F137C7 /* ViewModel */ = {
			isa = PBXGroup;
			children = (
				717B1866294C65D100EAFCF7 /* PlanetViewModel.swift */,
			);
			path = ViewModel;
			sourceTree = "<group>";
		};
		713CCA4E294FBA4300F137C7 /* Models */ = {
			isa = PBXGroup;
			children = (
				717B1864294C645D00EAFCF7 /* Planet.swift */,
				717B1868294C672900EAFCF7 /* PlanetModelForView.swift */,
			);
			path = Models;
			sourceTree = "<group>";
		};
		713CCA4F294FBA6900F137C7 /* Managers */ = {
			isa = PBXGroup;
			children = (
				7189F9892949F4A70077B52A /* NetworkManager.swift */,
				717B1873294CB45800EAFCF7 /* DataManager.swift */,
			);
			path = Managers;
			sourceTree = "<group>";
		};
		713CCA50294FBA8B00F137C7 /* CoreDataTransformers */ = {
			isa = PBXGroup;
			children = (
				71F712BE294E247200149711 /* StringArrayTransformer.swift */,
				71F712C8294E49C100149711 /* PersonsArrayTransformer.swift */,
			);
			path = CoreDataTransformers;
			sourceTree = "<group>";
		};
		713CCA51294FBAAC00F137C7 /* CoreDataClassesAndProperties */ = {
			isa = PBXGroup;
			children = (
				7169FD9A29576F4900F9DD8C /* PersonsCaching+CoreDataClass.swift */,
				7169FD9B29576F4900F9DD8C /* PersonsCaching+CoreDataProperties.swift */,
				7169FD8E295749AF00F9DD8C /* FilmsCaching+CoreDataClass.swift */,
				7169FD8F295749AF00F9DD8C /* FilmsCaching+CoreDataProperties.swift */,
			);
			path = CoreDataClassesAndProperties;
			sourceTree = "<group>";
		};
		7178D7FE295051D900197CD1 /* Resources */ = {
			isa = PBXGroup;
			children = (
				7178D7FF295051FC00197CD1 /* Films.gif */,
				7178D800295051FC00197CD1 /* PersonsAndPlanet.gif */,
			);
			path = Resources;
			sourceTree = "<group>";
		};
		717B185A294C5CC700EAFCF7 /* Module */ = {
			isa = PBXGroup;
			children = (
				717B185D294C5CFA00EAFCF7 /* PlanetScreen */,
				717B185C294C5CE300EAFCF7 /* PersonsScreen */,
				717B185B294C5CD200EAFCF7 /* FilmsScreen */,
			);
			path = Module;
			sourceTree = "<group>";
		};
		717B185B294C5CD200EAFCF7 /* FilmsScreen */ = {
			isa = PBXGroup;
			children = (
				713CCA4A294FBA0100F137C7 /* Models */,
				717B185F294C5D2D00EAFCF7 /* ViewModel */,
				717B185E294C5D1B00EAFCF7 /* View */,
			);
			path = FilmsScreen;
			sourceTree = "<group>";
		};
		717B185C294C5CE300EAFCF7 /* PersonsScreen */ = {
			isa = PBXGroup;
			children = (
				713CCA4B294FBA1000F137C7 /* Models */,
				717B1861294C5D8900EAFCF7 /* ViewModel */,
				717B1860294C5D4B00EAFCF7 /* View */,
			);
			path = PersonsScreen;
			sourceTree = "<group>";
		};
		717B185D294C5CFA00EAFCF7 /* PlanetScreen */ = {
			isa = PBXGroup;
			children = (
				713CCA4E294FBA4300F137C7 /* Models */,
				713CCA4D294FBA3400F137C7 /* ViewModel */,
				713CCA4C294FBA2700F137C7 /* View */,
			);
			path = PlanetScreen;
			sourceTree = "<group>";
		};
		717B185E294C5D1B00EAFCF7 /* View */ = {
			isa = PBXGroup;
			children = (
				711C578F294A659D003097A5 /* FilmsTableViewCell.swift */,
				71A6E7992949EF54000B9B26 /* FilmsScreenViewController.swift */,
			);
			path = View;
			sourceTree = "<group>";
		};
		717B185F294C5D2D00EAFCF7 /* ViewModel */ = {
			isa = PBXGroup;
			children = (
				717CBF11294B160700209BCA /* FilmsScreenViewModel.swift */,
				713CCA52294FBC0000F137C7 /* FilmsScreenViewModelProtocol.swift */,
			);
			path = ViewModel;
			sourceTree = "<group>";
		};
		717B1860294C5D4B00EAFCF7 /* View */ = {
			isa = PBXGroup;
			children = (
				717CBF1A294B867B00209BCA /* PersonTableViewCell.swift */,
				717CBF15294B7ACC00209BCA /* PersonsViewController.swift */,
			);
			path = View;
			sourceTree = "<group>";
		};
		717B1861294C5D8900EAFCF7 /* ViewModel */ = {
			isa = PBXGroup;
			children = (
				717CBF1C294B870D00209BCA /* PersonsViewModel.swift */,
				713CCA54294FBF2200F137C7 /* PersonsViewModelProtocol.swift */,
			);
			path = ViewModel;
			sourceTree = "<group>";
		};
		717B186A294CAFFE00EAFCF7 /* Caching */ = {
			isa = PBXGroup;
			children = (
				713CCA51294FBAAC00F137C7 /* CoreDataClassesAndProperties */,
				713CCA50294FBA8B00F137C7 /* CoreDataTransformers */,
			);
			path = Caching;
			sourceTree = "<group>";
		};
		717CBF19294B83BA00209BCA /* Support */ = {
			isa = PBXGroup;
			children = (
				71A6E7952949EF54000B9B26 /* AppDelegate.swift */,
				7178D8052950537800197CD1 /* Constants.swift */,
				71A6E7972949EF54000B9B26 /* SceneDelegate.swift */,
			);
			path = Support;
			sourceTree = "<group>";
		};
		71A6E7892949EF54000B9B26 = {
			isa = PBXGroup;
			children = (
				7178D8032950521900197CD1 /* README.md */,
				7178D7FE295051D900197CD1 /* Resources */,
				71A6E7942949EF54000B9B26 /* StarWarsTestTask */,
				71A6E7AE2949EF55000B9B26 /* StarWarsTestTaskTests */,
				71A6E7B82949EF55000B9B26 /* StarWarsTestTaskUITests */,
				71A6E7932949EF54000B9B26 /* Products */,
			);
			sourceTree = "<group>";
		};
		71A6E7932949EF54000B9B26 /* Products */ = {
			isa = PBXGroup;
			children = (
				71A6E7922949EF54000B9B26 /* StarWarsTestTask.app */,
				71A6E7AB2949EF55000B9B26 /* StarWarsTestTaskTests.xctest */,
				71A6E7B52949EF55000B9B26 /* StarWarsTestTaskUITests.xctest */,
			);
			name = Products;
			sourceTree = "<group>";
		};
		71A6E7942949EF54000B9B26 /* StarWarsTestTask */ = {
			isa = PBXGroup;
			children = (
				717B185A294C5CC700EAFCF7 /* Module */,
				717CBF19294B83BA00209BCA /* Support */,
				713CCA4F294FBA6900F137C7 /* Managers */,
				717B186A294CAFFE00EAFCF7 /* Caching */,
				71A6E79B2949EF54000B9B26 /* Main.storyboard */,
				71A6E7A12949EF55000B9B26 /* Assets.xcassets */,
				71A6E7A32949EF55000B9B26 /* LaunchScreen.storyboard */,
				71A6E7A62949EF55000B9B26 /* Info.plist */,
				71A6E79E2949EF54000B9B26 /* StarWarsTestTask.xcdatamodeld */,
			);
			path = StarWarsTestTask;
			sourceTree = "<group>";
		};
		71A6E7AE2949EF55000B9B26 /* StarWarsTestTaskTests */ = {
			isa = PBXGroup;
			children = (
				71A6E7AF2949EF55000B9B26 /* StarWarsTestTaskTests.swift */,
			);
			path = StarWarsTestTaskTests;
			sourceTree = "<group>";
		};
		71A6E7B82949EF55000B9B26 /* StarWarsTestTaskUITests */ = {
			isa = PBXGroup;
			children = (
				71A6E7B92949EF55000B9B26 /* StarWarsTestTaskUITests.swift */,
				71A6E7BB2949EF55000B9B26 /* StarWarsTestTaskUITestsLaunchTests.swift */,
			);
			path = StarWarsTestTaskUITests;
			sourceTree = "<group>";
		};
/* End PBXGroup section */

/* Begin PBXNativeTarget section */
		71A6E7912949EF54000B9B26 /* StarWarsTestTask */ = {
			isa = PBXNativeTarget;
			buildConfigurationList = 71A6E7BF2949EF55000B9B26 /* Build configuration list for PBXNativeTarget "StarWarsTestTask" */;
			buildPhases = (
				71A6E78E2949EF54000B9B26 /* Sources */,
				71A6E78F2949EF54000B9B26 /* Frameworks */,
				71A6E7902949EF54000B9B26 /* Resources */,
			);
			buildRules = (
			);
			dependencies = (
			);
			name = StarWarsTestTask;
			productName = StarWarsTestTask;
			productReference = 71A6E7922949EF54000B9B26 /* StarWarsTestTask.app */;
			productType = "com.apple.product-type.application";
		};
		71A6E7AA2949EF55000B9B26 /* StarWarsTestTaskTests */ = {
			isa = PBXNativeTarget;
			buildConfigurationList = 71A6E7C22949EF55000B9B26 /* Build configuration list for PBXNativeTarget "StarWarsTestTaskTests" */;
			buildPhases = (
				71A6E7A72949EF55000B9B26 /* Sources */,
				71A6E7A82949EF55000B9B26 /* Frameworks */,
				71A6E7A92949EF55000B9B26 /* Resources */,
			);
			buildRules = (
			);
			dependencies = (
				71A6E7AD2949EF55000B9B26 /* PBXTargetDependency */,
			);
			name = StarWarsTestTaskTests;
			productName = StarWarsTestTaskTests;
			productReference = 71A6E7AB2949EF55000B9B26 /* StarWarsTestTaskTests.xctest */;
			productType = "com.apple.product-type.bundle.unit-test";
		};
		71A6E7B42949EF55000B9B26 /* StarWarsTestTaskUITests */ = {
			isa = PBXNativeTarget;
			buildConfigurationList = 71A6E7C52949EF55000B9B26 /* Build configuration list for PBXNativeTarget "StarWarsTestTaskUITests" */;
			buildPhases = (
				71A6E7B12949EF55000B9B26 /* Sources */,
				71A6E7B22949EF55000B9B26 /* Frameworks */,
				71A6E7B32949EF55000B9B26 /* Resources */,
			);
			buildRules = (
			);
			dependencies = (
				71A6E7B72949EF55000B9B26 /* PBXTargetDependency */,
			);
			name = StarWarsTestTaskUITests;
			productName = StarWarsTestTaskUITests;
			productReference = 71A6E7B52949EF55000B9B26 /* StarWarsTestTaskUITests.xctest */;
			productType = "com.apple.product-type.bundle.ui-testing";
		};
/* End PBXNativeTarget section */

/* Begin PBXProject section */
		71A6E78A2949EF54000B9B26 /* Project object */ = {
			isa = PBXProject;
			attributes = {
				BuildIndependentTargetsInParallel = 1;
				LastSwiftUpdateCheck = 1340;
				LastUpgradeCheck = 1340;
				TargetAttributes = {
					71A6E7912949EF54000B9B26 = {
						CreatedOnToolsVersion = 13.4.1;
					};
					71A6E7AA2949EF55000B9B26 = {
						CreatedOnToolsVersion = 13.4.1;
						TestTargetID = 71A6E7912949EF54000B9B26;
					};
					71A6E7B42949EF55000B9B26 = {
						CreatedOnToolsVersion = 13.4.1;
						TestTargetID = 71A6E7912949EF54000B9B26;
					};
				};
			};
			buildConfigurationList = 71A6E78D2949EF54000B9B26 /* Build configuration list for PBXProject "StarWarsTestTask" */;
			compatibilityVersion = "Xcode 13.0";
			developmentRegion = en;
			hasScannedForEncodings = 0;
			knownRegions = (
				en,
				Base,
			);
			mainGroup = 71A6E7892949EF54000B9B26;
			productRefGroup = 71A6E7932949EF54000B9B26 /* Products */;
			projectDirPath = "";
			projectRoot = "";
			targets = (
				71A6E7912949EF54000B9B26 /* StarWarsTestTask */,
				71A6E7AA2949EF55000B9B26 /* StarWarsTestTaskTests */,
				71A6E7B42949EF55000B9B26 /* StarWarsTestTaskUITests */,
			);
		};
/* End PBXProject section */

/* Begin PBXResourcesBuildPhase section */
		71A6E7902949EF54000B9B26 /* Resources */ = {
			isa = PBXResourcesBuildPhase;
			buildActionMask = 2147483647;
			files = (
				7178D8042950521900197CD1 /* README.md in Resources */,
				7178D801295051FC00197CD1 /* Films.gif in Resources */,
				7178D802295051FC00197CD1 /* PersonsAndPlanet.gif in Resources */,
				71A6E7A52949EF55000B9B26 /* LaunchScreen.storyboard in Resources */,
				71A6E7A22949EF55000B9B26 /* Assets.xcassets in Resources */,
				71A6E79D2949EF54000B9B26 /* Main.storyboard in Resources */,
			);
			runOnlyForDeploymentPostprocessing = 0;
		};
		71A6E7A92949EF55000B9B26 /* Resources */ = {
			isa = PBXResourcesBuildPhase;
			buildActionMask = 2147483647;
			files = (
			);
			runOnlyForDeploymentPostprocessing = 0;
		};
		71A6E7B32949EF55000B9B26 /* Resources */ = {
			isa = PBXResourcesBuildPhase;
			buildActionMask = 2147483647;
			files = (
			);
			runOnlyForDeploymentPostprocessing = 0;
		};
/* End PBXResourcesBuildPhase section */

/* Begin PBXSourcesBuildPhase section */
		71A6E78E2949EF54000B9B26 /* Sources */ = {
			isa = PBXSourcesBuildPhase;
			buildActionMask = 2147483647;
			files = (
				71A6E79A2949EF54000B9B26 /* FilmsScreenViewController.swift in Sources */,
				7169FD9C29576F4900F9DD8C /* PersonsCaching+CoreDataClass.swift in Sources */,
				713CCA53294FBC0000F137C7 /* FilmsScreenViewModelProtocol.swift in Sources */,
				7169FD91295749AF00F9DD8C /* FilmsCaching+CoreDataProperties.swift in Sources */,
				71F712BF294E247200149711 /* StringArrayTransformer.swift in Sources */,
				717CBF1D294B870D00209BCA /* PersonsViewModel.swift in Sources */,
				7178D8062950537800197CD1 /* Constants.swift in Sources */,
				71F712C9294E49C100149711 /* PersonsArrayTransformer.swift in Sources */,
				717CBF1B294B867B00209BCA /* PersonTableViewCell.swift in Sources */,
				7189F98D2949F6270077B52A /* Films.swift in Sources */,
				71A6E7962949EF54000B9B26 /* AppDelegate.swift in Sources */,
				7189F98A2949F4A70077B52A /* NetworkManager.swift in Sources */,
				71A6E7982949EF54000B9B26 /* SceneDelegate.swift in Sources */,
				717B1863294C5E9200EAFCF7 /* PlanetViewController.swift in Sources */,
				717B1865294C645D00EAFCF7 /* Planet.swift in Sources */,
				717B1867294C65D100EAFCF7 /* PlanetViewModel.swift in Sources */,
				717CBF18294B7C9F00209BCA /* Person.swift in Sources */,
				717B1869294C672900EAFCF7 /* PlanetModelForView.swift in Sources */,
				713CCA55294FBF2200F137C7 /* PersonsViewModelProtocol.swift in Sources */,
				7169FD90295749AF00F9DD8C /* FilmsCaching+CoreDataClass.swift in Sources */,
				7169FD9D29576F4900F9DD8C /* PersonsCaching+CoreDataProperties.swift in Sources */,
				717CBF16294B7ACC00209BCA /* PersonsViewController.swift in Sources */,
				717CBF12294B160700209BCA /* FilmsScreenViewModel.swift in Sources */,
				717CBF1F294B93D000209BCA /* PersonTableViewCellModel.swift in Sources */,
				711C5790294A659D003097A5 /* FilmsTableViewCell.swift in Sources */,
				717B1874294CB45800EAFCF7 /* DataManager.swift in Sources */,
				71A6E7A02949EF54000B9B26 /* StarWarsTestTask.xcdatamodeld in Sources */,
				711C5792294A6D30003097A5 /* FilmsTableViewCellModel.swift in Sources */,
			);
			runOnlyForDeploymentPostprocessing = 0;
		};
		71A6E7A72949EF55000B9B26 /* Sources */ = {
			isa = PBXSourcesBuildPhase;
			buildActionMask = 2147483647;
			files = (
				71A6E7B02949EF55000B9B26 /* StarWarsTestTaskTests.swift in Sources */,
			);
			runOnlyForDeploymentPostprocessing = 0;
		};
		71A6E7B12949EF55000B9B26 /* Sources */ = {
			isa = PBXSourcesBuildPhase;
			buildActionMask = 2147483647;
			files = (
				71A6E7BC2949EF55000B9B26 /* StarWarsTestTaskUITestsLaunchTests.swift in Sources */,
				71A6E7BA2949EF55000B9B26 /* StarWarsTestTaskUITests.swift in Sources */,
			);
			runOnlyForDeploymentPostprocessing = 0;
		};
/* End PBXSourcesBuildPhase section */

/* Begin PBXTargetDependency section */
		71A6E7AD2949EF55000B9B26 /* PBXTargetDependency */ = {
			isa = PBXTargetDependency;
			target = 71A6E7912949EF54000B9B26 /* StarWarsTestTask */;
			targetProxy = 71A6E7AC2949EF55000B9B26 /* PBXContainerItemProxy */;
		};
		71A6E7B72949EF55000B9B26 /* PBXTargetDependency */ = {
			isa = PBXTargetDependency;
			target = 71A6E7912949EF54000B9B26 /* StarWarsTestTask */;
			targetProxy = 71A6E7B62949EF55000B9B26 /* PBXContainerItemProxy */;
		};
/* End PBXTargetDependency section */

/* Begin PBXVariantGroup section */
		71A6E79B2949EF54000B9B26 /* Main.storyboard */ = {
			isa = PBXVariantGroup;
			children = (
				71A6E79C2949EF54000B9B26 /* Base */,
			);
			name = Main.storyboard;
			sourceTree = "<group>";
		};
		71A6E7A32949EF55000B9B26 /* LaunchScreen.storyboard */ = {
			isa = PBXVariantGroup;
			children = (
				71A6E7A42949EF55000B9B26 /* Base */,
			);
			name = LaunchScreen.storyboard;
			sourceTree = "<group>";
		};
/* End PBXVariantGroup section */

/* Begin XCBuildConfiguration section */
		71A6E7BD2949EF55000B9B26 /* Debug */ = {
			isa = XCBuildConfiguration;
			buildSettings = {
				ALWAYS_SEARCH_USER_PATHS = NO;
				CLANG_ANALYZER_NONNULL = YES;
				CLANG_ANALYZER_NUMBER_OBJECT_CONVERSION = YES_AGGRESSIVE;
				CLANG_CXX_LANGUAGE_STANDARD = "gnu++17";
				CLANG_ENABLE_MODULES = YES;
				CLANG_ENABLE_OBJC_ARC = YES;
				CLANG_ENABLE_OBJC_WEAK = YES;
				CLANG_WARN_BLOCK_CAPTURE_AUTORELEASING = YES;
				CLANG_WARN_BOOL_CONVERSION = YES;
				CLANG_WARN_COMMA = YES;
				CLANG_WARN_CONSTANT_CONVERSION = YES;
				CLANG_WARN_DEPRECATED_OBJC_IMPLEMENTATIONS = YES;
				CLANG_WARN_DIRECT_OBJC_ISA_USAGE = YES_ERROR;
				CLANG_WARN_DOCUMENTATION_COMMENTS = YES;
				CLANG_WARN_EMPTY_BODY = YES;
				CLANG_WARN_ENUM_CONVERSION = YES;
				CLANG_WARN_INFINITE_RECURSION = YES;
				CLANG_WARN_INT_CONVERSION = YES;
				CLANG_WARN_NON_LITERAL_NULL_CONVERSION = YES;
				CLANG_WARN_OBJC_IMPLICIT_RETAIN_SELF = YES;
				CLANG_WARN_OBJC_LITERAL_CONVERSION = YES;
				CLANG_WARN_OBJC_ROOT_CLASS = YES_ERROR;
				CLANG_WARN_QUOTED_INCLUDE_IN_FRAMEWORK_HEADER = YES;
				CLANG_WARN_RANGE_LOOP_ANALYSIS = YES;
				CLANG_WARN_STRICT_PROTOTYPES = YES;
				CLANG_WARN_SUSPICIOUS_MOVE = YES;
				CLANG_WARN_UNGUARDED_AVAILABILITY = YES_AGGRESSIVE;
				CLANG_WARN_UNREACHABLE_CODE = YES;
				CLANG_WARN__DUPLICATE_METHOD_MATCH = YES;
				COPY_PHASE_STRIP = NO;
				DEBUG_INFORMATION_FORMAT = dwarf;
				ENABLE_STRICT_OBJC_MSGSEND = YES;
				ENABLE_TESTABILITY = YES;
				GCC_C_LANGUAGE_STANDARD = gnu11;
				GCC_DYNAMIC_NO_PIC = NO;
				GCC_NO_COMMON_BLOCKS = YES;
				GCC_OPTIMIZATION_LEVEL = 0;
				GCC_PREPROCESSOR_DEFINITIONS = (
					"DEBUG=1",
					"$(inherited)",
				);
				GCC_WARN_64_TO_32_BIT_CONVERSION = YES;
				GCC_WARN_ABOUT_RETURN_TYPE = YES_ERROR;
				GCC_WARN_UNDECLARED_SELECTOR = YES;
				GCC_WARN_UNINITIALIZED_AUTOS = YES_AGGRESSIVE;
				GCC_WARN_UNUSED_FUNCTION = YES;
				GCC_WARN_UNUSED_VARIABLE = YES;
				IPHONEOS_DEPLOYMENT_TARGET = 15.5;
				MTL_ENABLE_DEBUG_INFO = INCLUDE_SOURCE;
				MTL_FAST_MATH = YES;
				ONLY_ACTIVE_ARCH = YES;
				SDKROOT = iphoneos;
				SWIFT_ACTIVE_COMPILATION_CONDITIONS = DEBUG;
				SWIFT_OPTIMIZATION_LEVEL = "-Onone";
			};
			name = Debug;
		};
		71A6E7BE2949EF55000B9B26 /* Release */ = {
			isa = XCBuildConfiguration;
			buildSettings = {
				ALWAYS_SEARCH_USER_PATHS = NO;
				CLANG_ANALYZER_NONNULL = YES;
				CLANG_ANALYZER_NUMBER_OBJECT_CONVERSION = YES_AGGRESSIVE;
				CLANG_CXX_LANGUAGE_STANDARD = "gnu++17";
				CLANG_ENABLE_MODULES = YES;
				CLANG_ENABLE_OBJC_ARC = YES;
				CLANG_ENABLE_OBJC_WEAK = YES;
				CLANG_WARN_BLOCK_CAPTURE_AUTORELEASING = YES;
				CLANG_WARN_BOOL_CONVERSION = YES;
				CLANG_WARN_COMMA = YES;
				CLANG_WARN_CONSTANT_CONVERSION = YES;
				CLANG_WARN_DEPRECATED_OBJC_IMPLEMENTATIONS = YES;
				CLANG_WARN_DIRECT_OBJC_ISA_USAGE = YES_ERROR;
				CLANG_WARN_DOCUMENTATION_COMMENTS = YES;
				CLANG_WARN_EMPTY_BODY = YES;
				CLANG_WARN_ENUM_CONVERSION = YES;
				CLANG_WARN_INFINITE_RECURSION = YES;
				CLANG_WARN_INT_CONVERSION = YES;
				CLANG_WARN_NON_LITERAL_NULL_CONVERSION = YES;
				CLANG_WARN_OBJC_IMPLICIT_RETAIN_SELF = YES;
				CLANG_WARN_OBJC_LITERAL_CONVERSION = YES;
				CLANG_WARN_OBJC_ROOT_CLASS = YES_ERROR;
				CLANG_WARN_QUOTED_INCLUDE_IN_FRAMEWORK_HEADER = YES;
				CLANG_WARN_RANGE_LOOP_ANALYSIS = YES;
				CLANG_WARN_STRICT_PROTOTYPES = YES;
				CLANG_WARN_SUSPICIOUS_MOVE = YES;
				CLANG_WARN_UNGUARDED_AVAILABILITY = YES_AGGRESSIVE;
				CLANG_WARN_UNREACHABLE_CODE = YES;
				CLANG_WARN__DUPLICATE_METHOD_MATCH = YES;
				COPY_PHASE_STRIP = NO;
				DEBUG_INFORMATION_FORMAT = "dwarf-with-dsym";
				ENABLE_NS_ASSERTIONS = NO;
				ENABLE_STRICT_OBJC_MSGSEND = YES;
				GCC_C_LANGUAGE_STANDARD = gnu11;
				GCC_NO_COMMON_BLOCKS = YES;
				GCC_WARN_64_TO_32_BIT_CONVERSION = YES;
				GCC_WARN_ABOUT_RETURN_TYPE = YES_ERROR;
				GCC_WARN_UNDECLARED_SELECTOR = YES;
				GCC_WARN_UNINITIALIZED_AUTOS = YES_AGGRESSIVE;
				GCC_WARN_UNUSED_FUNCTION = YES;
				GCC_WARN_UNUSED_VARIABLE = YES;
				IPHONEOS_DEPLOYMENT_TARGET = 15.5;
				MTL_ENABLE_DEBUG_INFO = NO;
				MTL_FAST_MATH = YES;
				SDKROOT = iphoneos;
				SWIFT_COMPILATION_MODE = wholemodule;
				SWIFT_OPTIMIZATION_LEVEL = "-O";
				VALIDATE_PRODUCT = YES;
			};
			name = Release;
		};
		71A6E7C02949EF55000B9B26 /* Debug */ = {
			isa = XCBuildConfiguration;
			buildSettings = {
				ASSETCATALOG_COMPILER_APPICON_NAME = AppIcon;
				ASSETCATALOG_COMPILER_GLOBAL_ACCENT_COLOR_NAME = AccentColor;
				CODE_SIGN_STYLE = Automatic;
				CURRENT_PROJECT_VERSION = 2;
				DEVELOPMENT_TEAM = W7M89AVC54;
				GENERATE_INFOPLIST_FILE = YES;
				INFOPLIST_FILE = StarWarsTestTask/Info.plist;
				INFOPLIST_KEY_UIApplicationSupportsIndirectInputEvents = YES;
				INFOPLIST_KEY_UILaunchStoryboardName = LaunchScreen;
				INFOPLIST_KEY_UIMainStoryboardFile = Main;
				INFOPLIST_KEY_UISupportedInterfaceOrientations = UIInterfaceOrientationPortrait;
				INFOPLIST_KEY_UISupportedInterfaceOrientations_iPad = "UIInterfaceOrientationPortrait UIInterfaceOrientationPortraitUpsideDown UIInterfaceOrientationLandscapeLeft UIInterfaceOrientationLandscapeRight";
				INFOPLIST_KEY_UISupportedInterfaceOrientations_iPhone = "UIInterfaceOrientationPortrait UIInterfaceOrientationLandscapeLeft UIInterfaceOrientationLandscapeRight";
				IPHONEOS_DEPLOYMENT_TARGET = 15.0;
				LD_RUNPATH_SEARCH_PATHS = (
					"$(inherited)",
					"@executable_path/Frameworks",
				);
				MARKETING_VERSION = 1.0;
				PRODUCT_BUNDLE_IDENTIFIER = com.ArtemSokolovskiy.StarWarsTestTask;
				PRODUCT_NAME = "$(TARGET_NAME)";
				SWIFT_EMIT_LOC_STRINGS = YES;
				SWIFT_VERSION = 5.0;
				TARGETED_DEVICE_FAMILY = 1;
			};
			name = Debug;
		};
		71A6E7C12949EF55000B9B26 /* Release */ = {
			isa = XCBuildConfiguration;
			buildSettings = {
				ASSETCATALOG_COMPILER_APPICON_NAME = AppIcon;
				ASSETCATALOG_COMPILER_GLOBAL_ACCENT_COLOR_NAME = AccentColor;
				CODE_SIGN_STYLE = Automatic;
				CURRENT_PROJECT_VERSION = 2;
				DEVELOPMENT_TEAM = W7M89AVC54;
				GENERATE_INFOPLIST_FILE = YES;
				INFOPLIST_FILE = StarWarsTestTask/Info.plist;
				INFOPLIST_KEY_UIApplicationSupportsIndirectInputEvents = YES;
				INFOPLIST_KEY_UILaunchStoryboardName = LaunchScreen;
				INFOPLIST_KEY_UIMainStoryboardFile = Main;
				INFOPLIST_KEY_UISupportedInterfaceOrientations = UIInterfaceOrientationPortrait;
				INFOPLIST_KEY_UISupportedInterfaceOrientations_iPad = "UIInterfaceOrientationPortrait UIInterfaceOrientationPortraitUpsideDown UIInterfaceOrientationLandscapeLeft UIInterfaceOrientationLandscapeRight";
				INFOPLIST_KEY_UISupportedInterfaceOrientations_iPhone = "UIInterfaceOrientationPortrait UIInterfaceOrientationLandscapeLeft UIInterfaceOrientationLandscapeRight";
				IPHONEOS_DEPLOYMENT_TARGET = 15.0;
				LD_RUNPATH_SEARCH_PATHS = (
					"$(inherited)",
					"@executable_path/Frameworks",
				);
				MARKETING_VERSION = 1.0;
				PRODUCT_BUNDLE_IDENTIFIER = com.ArtemSokolovskiy.StarWarsTestTask;
				PRODUCT_NAME = "$(TARGET_NAME)";
				SWIFT_EMIT_LOC_STRINGS = YES;
				SWIFT_VERSION = 5.0;
				TARGETED_DEVICE_FAMILY = 1;
			};
			name = Release;
		};
		71A6E7C32949EF55000B9B26 /* Debug */ = {
			isa = XCBuildConfiguration;
			buildSettings = {
				ALWAYS_EMBED_SWIFT_STANDARD_LIBRARIES = YES;
				BUNDLE_LOADER = "$(TEST_HOST)";
				CODE_SIGN_STYLE = Automatic;
				CURRENT_PROJECT_VERSION = 1;
				DEVELOPMENT_TEAM = W7M89AVC54;
				GENERATE_INFOPLIST_FILE = YES;
				IPHONEOS_DEPLOYMENT_TARGET = 15.5;
				MARKETING_VERSION = 1.0;
				PRODUCT_BUNDLE_IDENTIFIER = com.ArtemSokolovskiy.StarWarsTestTaskTests;
				PRODUCT_NAME = "$(TARGET_NAME)";
				SWIFT_EMIT_LOC_STRINGS = NO;
				SWIFT_VERSION = 5.0;
				TARGETED_DEVICE_FAMILY = "1,2";
				TEST_HOST = "$(BUILT_PRODUCTS_DIR)/StarWarsTestTask.app/StarWarsTestTask";
			};
			name = Debug;
		};
		71A6E7C42949EF55000B9B26 /* Release */ = {
			isa = XCBuildConfiguration;
			buildSettings = {
				ALWAYS_EMBED_SWIFT_STANDARD_LIBRARIES = YES;
				BUNDLE_LOADER = "$(TEST_HOST)";
				CODE_SIGN_STYLE = Automatic;
				CURRENT_PROJECT_VERSION = 1;
				DEVELOPMENT_TEAM = W7M89AVC54;
				GENERATE_INFOPLIST_FILE = YES;
				IPHONEOS_DEPLOYMENT_TARGET = 15.5;
				MARKETING_VERSION = 1.0;
				PRODUCT_BUNDLE_IDENTIFIER = com.ArtemSokolovskiy.StarWarsTestTaskTests;
				PRODUCT_NAME = "$(TARGET_NAME)";
				SWIFT_EMIT_LOC_STRINGS = NO;
				SWIFT_VERSION = 5.0;
				TARGETED_DEVICE_FAMILY = "1,2";
				TEST_HOST = "$(BUILT_PRODUCTS_DIR)/StarWarsTestTask.app/StarWarsTestTask";
			};
			name = Release;
		};
		71A6E7C62949EF55000B9B26 /* Debug */ = {
			isa = XCBuildConfiguration;
			buildSettings = {
				ALWAYS_EMBED_SWIFT_STANDARD_LIBRARIES = YES;
				CODE_SIGN_STYLE = Automatic;
				CURRENT_PROJECT_VERSION = 1;
				DEVELOPMENT_TEAM = W7M89AVC54;
				GENERATE_INFOPLIST_FILE = YES;
				MARKETING_VERSION = 1.0;
				PRODUCT_BUNDLE_IDENTIFIER = com.ArtemSokolovskiy.StarWarsTestTaskUITests;
				PRODUCT_NAME = "$(TARGET_NAME)";
				SWIFT_EMIT_LOC_STRINGS = NO;
				SWIFT_VERSION = 5.0;
				TARGETED_DEVICE_FAMILY = "1,2";
				TEST_TARGET_NAME = StarWarsTestTask;
			};
			name = Debug;
		};
		71A6E7C72949EF55000B9B26 /* Release */ = {
			isa = XCBuildConfiguration;
			buildSettings = {
				ALWAYS_EMBED_SWIFT_STANDARD_LIBRARIES = YES;
				CODE_SIGN_STYLE = Automatic;
				CURRENT_PROJECT_VERSION = 1;
				DEVELOPMENT_TEAM = W7M89AVC54;
				GENERATE_INFOPLIST_FILE = YES;
				MARKETING_VERSION = 1.0;
				PRODUCT_BUNDLE_IDENTIFIER = com.ArtemSokolovskiy.StarWarsTestTaskUITests;
				PRODUCT_NAME = "$(TARGET_NAME)";
				SWIFT_EMIT_LOC_STRINGS = NO;
				SWIFT_VERSION = 5.0;
				TARGETED_DEVICE_FAMILY = "1,2";
				TEST_TARGET_NAME = StarWarsTestTask;
			};
			name = Release;
		};
/* End XCBuildConfiguration section */

/* Begin XCConfigurationList section */
		71A6E78D2949EF54000B9B26 /* Build configuration list for PBXProject "StarWarsTestTask" */ = {
			isa = XCConfigurationList;
			buildConfigurations = (
				71A6E7BD2949EF55000B9B26 /* Debug */,
				71A6E7BE2949EF55000B9B26 /* Release */,
			);
			defaultConfigurationIsVisible = 0;
			defaultConfigurationName = Release;
		};
		71A6E7BF2949EF55000B9B26 /* Build configuration list for PBXNativeTarget "StarWarsTestTask" */ = {
			isa = XCConfigurationList;
			buildConfigurations = (
				71A6E7C02949EF55000B9B26 /* Debug */,
				71A6E7C12949EF55000B9B26 /* Release */,
			);
			defaultConfigurationIsVisible = 0;
			defaultConfigurationName = Release;
		};
		71A6E7C22949EF55000B9B26 /* Build configuration list for PBXNativeTarget "StarWarsTestTaskTests" */ = {
			isa = XCConfigurationList;
			buildConfigurations = (
				71A6E7C32949EF55000B9B26 /* Debug */,
				71A6E7C42949EF55000B9B26 /* Release */,
			);
			defaultConfigurationIsVisible = 0;
			defaultConfigurationName = Release;
		};
		71A6E7C52949EF55000B9B26 /* Build configuration list for PBXNativeTarget "StarWarsTestTaskUITests" */ = {
			isa = XCConfigurationList;
			buildConfigurations = (
				71A6E7C62949EF55000B9B26 /* Debug */,
				71A6E7C72949EF55000B9B26 /* Release */,
			);
			defaultConfigurationIsVisible = 0;
			defaultConfigurationName = Release;
		};
/* End XCConfigurationList section */

/* Begin XCVersionGroup section */
		71A6E79E2949EF54000B9B26 /* StarWarsTestTask.xcdatamodeld */ = {
			isa = XCVersionGroup;
			children = (
				71A6E79F2949EF54000B9B26 /* StarWarsTestTask.xcdatamodel */,
			);
			currentVersion = 71A6E79F2949EF54000B9B26 /* StarWarsTestTask.xcdatamodel */;
			path = StarWarsTestTask.xcdatamodeld;
			sourceTree = "<group>";
			versionGroupType = wrapper.xcdatamodel;
		};
/* End XCVersionGroup section */
	};
	rootObject = 71A6E78A2949EF54000B9B26 /* Project object */;
}
